
Microsoft Visual Studio Solution File, Format Version 12.00
# Visual Studio Version 17
VisualStudioVersion = 17.14.36310.24 d17.14
MinimumVisualStudioVersion = 10.0.40219.1
Project("{FAE04EC0-301F-11D3-BF4B-00C04F79EFBC}") = "ContactManagement", "ContactManagement.csproj", "{35832568-1ED9-41D6-A44E-14694C197138}"
EndProject
Global
	GlobalSection(SolutionConfigurationPlatforms) = preSolution
		Debug|Any CPU = Debug|Any CPU
		Release|Any CPU = Release|Any CPU
	EndGlobalSection
	GlobalSection(ProjectConfigurationPlatforms) = postSolution
		{35832568-1ED9-41D6-A44E-14694C197138}.Debug|Any CPU.ActiveCfg = Debug|Any CPU
		{35832568-1ED9-41D6-A44E-14694C197138}.Debug|Any CPU.Build.0 = Debug|Any CPU
		{35832568-1ED9-41D6-A44E-14694C197138}.Release|Any CPU.ActiveCfg = Release|Any CPU
		{35832568-1ED9-41D6-A44E-14694C197138}.Release|Any CPU.Build.0 = Release|Any CPU
	EndGlobalSection
	GlobalSection(SolutionProperties) = preSolution
		HideSolutionNode = FALSE
	EndGlobalSection
	GlobalSection(ExtensibilityGlobals) = postSolution
		SolutionGuid = {CB309BAE-47AD-4CC6-B7D6-1951B632E76A}
	EndGlobalSection
EndGlobal
